{
  "version": 4,
  "terraform_version": "1.15.4",
  "serial": 15,
  "lineage": "642e09a5-ab70-0093-3590-cdeb9b6d82b7",
  "outputs": {
    "backend_url": {
      "value": null,
      "type": "string"
    },
    "frontend_url": {
      "value": "brave-sand-068c58c00.7.azurestaticapps.net",
      "type": "string"
    },
    "resource_group_name": {
      "value": "rg-purchasebill",
      "type": "string"
    },
    "sql_database_name": {
      "value": "PurchaseBillDB",
      "type": "string"
    },
    "sql_server_fqdn": {
      "value": "sql-purchasebill-denuwan.database.windows.net",
      "type": "string"
    }
  },
  "resources": [
    {
      "mode": "managed",
      "type": "azurerm_mssql_database",
      "name": "main",
      "provider": "provider[\"registry.terraform.io/hashicorp/azurerm\"]",
      "instances": [
        {
          "schema_version": 1,
          "attributes": {
            "auto_pause_delay_in_minutes": 0,
            "collation": "SQL_Latin1_General_CP1_CI_AS",
            "create_mode": "Default",
            "creation_source_database_id": null,
            "elastic_pool_id": "",
            "enclave_type": "",
            "geo_backup_enabled": true,
            "id": "/subscriptions/9a35d482-a54f-4abb-b1ea-c5eac36d8f8b/resourceGroups/rg-purchasebill/providers/Microsoft.Sql/servers/sql-purchasebill-denuwan/databases/PurchaseBillDB",
            "identity": [],
            "import": [],
            "ledger_enabled": false,
            "license_type": "BasePrice",
            "long_term_retention_policy": [
              {
                "immutable_backups_enabled": false,
                "monthly_retention": "PT0S",
                "week_of_year": 1,
                "weekly_retention": "PT0S",
                "yearly_retention": "PT0S"
              }
            ],
            "maintenance_configuration_name": "SQL_Default",
            "max_size_gb": 10,
            "min_capacity": 0,
            "name": "PurchaseBillDB",
            "read_replica_count": 0,
            "read_scale": false,
            "recover_database_id": null,
            "recovery_point_id": null,
            "restore_dropped_database_id": null,
            "restore_long_term_retention_backup_id": null,
            "restore_point_in_time": null,
            "sample_name": null,
            "secondary_type": "",
            "server_id": "/subscriptions/9a35d482-a54f-4abb-b1ea-c5eac36d8f8b/resourceGroups/rg-purchasebill/providers/Microsoft.Sql/servers/sql-purchasebill-denuwan",
            "short_term_retention_policy": [
              {
                "backup_interval_in_hours": 24,
                "retention_days": 7
              }
            ],
            "sku_name": "S0",
            "storage_account_type": "Geo",
            "tags": {
              "Environment": "Production",
              "ManagedBy": "Terraform",
              "Project": "PurchaseBillApp"
            },
            "threat_detection_policy": [
              {
                "disabled_alerts": [],
                "email_account_admins": "Disabled",
                "email_addresses": [],
                "retention_days": 0,
                "state": "Disabled",
                "storage_account_access_key": "",
                "storage_endpoint": ""
              }
            ],
            "timeouts": null,
            "transparent_data_encryption_enabled": true,
            "transparent_data_encryption_key_automatic_rotation_enabled": false,
            "transparent_data_encryption_key_vault_key_id": "",
            "zone_redundant": false
          },
          "sensitive_attributes": [
            [
              {
                "type": "get_attr",
                "value": "threat_detection_policy"
              },
              {
                "type": "index",
                "value": {
                  "value": 0,
                  "type": "number"
                }
              },
              {
                "type": "get_attr",
                "value": "storage_account_access_key"
              }
            ]
          ],
          "identity_schema_version": 0,
          "identity": {
            "name": "PurchaseBillDB",
            "resource_group_name": "rg-purchasebill",
            "server_name": "sql-purchasebill-denuwan",
            "subscription_id": "9a35d482-a54f-4abb-b1ea-c5eac36d8f8b"
          },
          "private": "eyJlMmJmYjczMC1lY2FhLTExZTYtOGY4OC0zNDM2M2JjN2M0YzAiOnsiY3JlYXRlIjozNjAwMDAwMDAwMDAwLCJkZWxldGUiOjM2MDAwMDAwMDAwMDAsInJlYWQiOjMwMDAwMDAwMDAwMCwidXBkYXRlIjozNjAwMDAwMDAwMDAwfSwic2NoZW1hX3ZlcnNpb24iOiIxIn0=",
          "dependencies": [
            "azurerm_mssql_server.main",
            "azurerm_resource_group.main"
          ]
        }
      ]
    },
    {
      "mode": "managed",
      "type": "azurerm_mssql_firewall_rule",
      "name": "allow_azure",
      "provider": "provider[\"registry.terraform.io/hashicorp/azurerm\"]",
      "instances": [
        {
          "schema_version": 0,
          "attributes": {
            "end_ip_address": "0.0.0.0",
            "id": "/subscriptions/9a35d482-a54f-4abb-b1ea-c5eac36d8f8b/resourceGroups/rg-purchasebill/providers/Microsoft.Sql/servers/sql-purchasebill-denuwan/firewallRules/AllowAzureServices",
            "name": "AllowAzureServices",
            "server_id": "/subscriptions/9a35d482-a54f-4abb-b1ea-c5eac36d8f8b/resourceGroups/rg-purchasebill/providers/Microsoft.Sql/servers/sql-purchasebill-denuwan",
            "start_ip_address": "0.0.0.0",
            "timeouts": null
          },
          "sensitive_attributes": [],
          "identity_schema_version": 0,
          "private": "eyJlMmJmYjczMC1lY2FhLTExZTYtOGY4OC0zNDM2M2JjN2M0YzAiOnsiY3JlYXRlIjoxODAwMDAwMDAwMDAwLCJkZWxldGUiOjE4MDAwMDAwMDAwMDAsInJlYWQiOjMwMDAwMDAwMDAwMCwidXBkYXRlIjoxODAwMDAwMDAwMDAwfX0=",
          "dependencies": [
            "azurerm_mssql_server.main",
            "azurerm_resource_group.main"
          ]
        }
      ]
    },
    {
      "mode": "managed",
      "type": "azurerm_mssql_server",
      "name": "main",
      "provider": "provider[\"registry.terraform.io/hashicorp/azurerm\"]",
      "instances": [
        {
          "schema_version": 0,
          "attributes": {
            "administrator_login": "sqladmin",
            "administrator_login_password": "P@ssw0rd1234!",
            "administrator_login_password_wo": null,
            "administrator_login_password_wo_version": 0,
            "azuread_administrator": [],
            "connection_policy": "Default",
            "express_vulnerability_assessment_enabled": false,
            "fully_qualified_domain_name": "sql-purchasebill-denuwan.database.windows.net",
            "id": "/subscriptions/9a35d482-a54f-4abb-b1ea-c5eac36d8f8b/resourceGroups/rg-purchasebill/providers/Microsoft.Sql/servers/sql-purchasebill-denuwan",
            "identity": [],
            "location": "southeastasia",
            "minimum_tls_version": "1.2",
            "name": "sql-purchasebill-denuwan",
            "outbound_network_restriction_enabled": false,
            "primary_user_assigned_identity_id": "",
            "public_network_access_enabled": true,
            "resource_group_name": "rg-purchasebill",
            "restorable_dropped_database_ids": [],
            "tags": {
              "Environment": "Production",
              "ManagedBy": "Terraform",
              "Project": "PurchaseBillApp"
            },
            "timeouts": null,
            "transparent_data_encryption_key_vault_key_id": "",
            "version": "12.0"
          },
          "sensitive_attributes": [
            [
              {
                "type": "get_attr",
                "value": "administrator_login"
              }
            ],
            [
              {
                "type": "get_attr",
                "value": "administrator_login_password"
              }
            ],
            [
              {
                "type": "get_attr",
                "value": "administrator_login_password_wo"
              }
            ]
          ],
          "identity_schema_version": 0,
          "identity": {
            "name": "sql-purchasebill-denuwan",
            "resource_group_name": "rg-purchasebill",
            "subscription_id": "9a35d482-a54f-4abb-b1ea-c5eac36d8f8b"
          },
          "private": "eyJlMmJmYjczMC1lY2FhLTExZTYtOGY4OC0zNDM2M2JjN2M0YzAiOnsiY3JlYXRlIjozNjAwMDAwMDAwMDAwLCJkZWxldGUiOjM2MDAwMDAwMDAwMDAsInJlYWQiOjMwMDAwMDAwMDAwMCwidXBkYXRlIjozNjAwMDAwMDAwMDAwfX0=",
          "dependencies": [
            "azurerm_resource_group.main"
          ]
        }
      ]
    },
    {
      "mode": "managed",
      "type": "azurerm_resource_group",
      "name": "main",
      "provider": "provider[\"registry.terraform.io/hashicorp/azurerm\"]",
      "instances": [
        {
          "schema_version": 0,
          "attributes": {
            "id": "/subscriptions/9a35d482-a54f-4abb-b1ea-c5eac36d8f8b/resourceGroups/rg-purchasebill",
            "location": "southeastasia",
            "managed_by": "",
            "name": "rg-purchasebill",
            "tags": {
              "Environment": "Production",
              "ManagedBy": "Terraform",
              "Project": "PurchaseBillApp"
            },
            "timeouts": null
          },
          "sensitive_attributes": [],
          "identity_schema_version": 0,
          "identity": {
            "name": "rg-purchasebill",
            "subscription_id": "9a35d482-a54f-4abb-b1ea-c5eac36d8f8b"
          },
          "private": "eyJlMmJmYjczMC1lY2FhLTExZTYtOGY4OC0zNDM2M2JjN2M0YzAiOnsiY3JlYXRlIjo1NDAwMDAwMDAwMDAwLCJkZWxldGUiOjU0MDAwMDAwMDAwMDAsInJlYWQiOjMwMDAwMDAwMDAwMCwidXBkYXRlIjo1NDAwMDAwMDAwMDAwfX0="
        }
      ]
    },
    {
      "mode": "managed",
      "type": "azurerm_service_plan",
      "name": "main",
      "provider": "provider[\"registry.terraform.io/hashicorp/azurerm\"]",
      "instances": [
        {
          "schema_version": 1,
          "attributes": {
            "app_service_environment_id": "",
            "id": "/subscriptions/9a35d482-a54f-4abb-b1ea-c5eac36d8f8b/resourceGroups/rg-purchasebill/providers/Microsoft.Web/serverFarms/asp-purchasebill",
            "kind": "linux",
            "location": "southeastasia",
            "maximum_elastic_worker_count": 1,
            "name": "asp-purchasebill",
            "os_type": "Linux",
            "per_site_scaling_enabled": false,
            "premium_plan_auto_scale_enabled": false,
            "reserved": true,
            "resource_group_name": "rg-purchasebill",
            "sku_name": "B1",
            "tags": {
              "Environment": "Production",
              "ManagedBy": "Terraform",
              "Project": "PurchaseBillApp"
            },
            "timeouts": null,
            "worker_count": 1,
            "zone_balancing_enabled": false
          },
          "sensitive_attributes": [],
          "identity_schema_version": 0,
          "identity": {
            "name": "asp-purchasebill",
            "resource_group_name": "rg-purchasebill",
            "subscription_id": "9a35d482-a54f-4abb-b1ea-c5eac36d8f8b"
          },
          "private": "eyJlMmJmYjczMC1lY2FhLTExZTYtOGY4OC0zNDM2M2JjN2M0YzAiOnsiY3JlYXRlIjozNjAwMDAwMDAwMDAwLCJkZWxldGUiOjM2MDAwMDAwMDAwMDAsInJlYWQiOjMwMDAwMDAwMDAwMCwidXBkYXRlIjozNjAwMDAwMDAwMDAwfSwic2NoZW1hX3ZlcnNpb24iOiIxIn0="
        }
      ]
    },
    {
      "mode": "managed",
      "type": "azurerm_static_web_app",
      "name": "frontend",
      "provider": "provider[\"registry.terraform.io/hashicorp/azurerm\"]",
      "instances": [
        {
          "schema_version": 0,
          "attributes": {
            "api_key": "028bedcd1bb3266e5f1d124ddb5a55aeff0b1f8ef7ea35344e718c522bda439307-b69e6da4-2a80-4f2c-a67e-5612cad584f50001631068c58c00",
            "app_settings": null,
            "basic_auth": [],
            "configuration_file_changes_enabled": true,
            "default_host_name": "brave-sand-068c58c00.7.azurestaticapps.net",
            "id": "/subscriptions/9a35d482-a54f-4abb-b1ea-c5eac36d8f8b/resourceGroups/rg-purchasebill/providers/Microsoft.Web/staticSites/swa-purchasebill",
            "identity": [],
            "location": "eastasia",
            "name": "swa-purchasebill",
            "preview_environments_enabled": true,
            "public_network_access_enabled": true,
            "repository_branch": "",
            "repository_token": "",
            "repository_url": "",
            "resource_group_name": "rg-purchasebill",
            "sku_size": "Free",
            "sku_tier": "Free",
            "tags": {
              "Environment": "Production",
              "ManagedBy": "Terraform",
              "Project": "PurchaseBillApp"
            },
            "timeouts": null
          },
          "sensitive_attributes": [
            [
              {
                "type": "get_attr",
                "value": "api_key"
              }
            ],
            [
              {
                "type": "get_attr",
                "value": "repository_token"
              }
            ]
          ],
          "identity_schema_version": 0,
          "private": "eyJlMmJmYjczMC1lY2FhLTExZTYtOGY4OC0zNDM2M2JjN2M0YzAiOnsiY3JlYXRlIjoxODAwMDAwMDAwMDAwLCJkZWxldGUiOjE4MDAwMDAwMDAwMDAsInJlYWQiOjMwMDAwMDAwMDAwMCwidXBkYXRlIjoxODAwMDAwMDAwMDAwfX0=",
          "dependencies": [
            "azurerm_resource_group.main"
          ]
        }
      ]
    }
  ],
  "check_results": null
}
